
Microsoft Visual Studio Solution File, Format Version 12.00
# Visual Studio Version 17
VisualStudioVersion = 17.2.32630.192
MinimumVisualStudioVersion = 10.0.40219.1
Project("{9A19103F-16F7-4668-BE54-9A1E7A4F7556}") = "Accelist.FluentValidation.Blazor", "FluentValidation.Blazor\Accelist.FluentValidation.Blazor.csproj", "{774DBB06-F9E7-495A-BE80-8BEE176B3194}"
EndProject
Project("{9A19103F-16F7-4668-BE54-9A1E7A4F7556}") = "Demo", "Demo\Demo.csproj", "{509603D2-0787-4CF6-983D-3D2FA59E6541}"
EndProject
Project("{9A19103F-16F7-4668-BE54-9A1E7A4F7556}") = "Demo.Forms", "Demo.Forms\Demo.Forms.csproj", "{9B7BD7F9-CABB-410A-AC81-F9DA17B4B62B}"
EndProject
Global
	GlobalSection(SolutionConfigurationPlatforms) = preSolution
		Debug|Any CPU = Debug|Any CPU
		Release|Any CPU = Release|Any CPU
	EndGlobalSection
	GlobalSection(ProjectConfigurationPlatforms) = postSolution
		{774DBB06-F9E7-495A-BE80-8BEE176B3194}.Debug|Any CPU.ActiveCfg = Debug|Any CPU
		{774DBB06-F9E7-495A-BE80-8BEE176B3194}.Debug|Any CPU.Build.0 = Debug|Any CPU
		{774DBB06-F9E7-495A-BE80-8BEE176B3194}.Release|Any CPU.ActiveCfg = Release|Any CPU
		{774DBB06-F9E7-495A-BE80-8BEE176B3194}.Release|Any CPU.Build.0 = Release|Any CPU
		{509603D2-0787-4CF6-983D-3D2FA59E6541}.Debug|Any CPU.ActiveCfg = Debug|Any CPU
		{509603D2-0787-4CF6-983D-3D2FA59E6541}.Debug|Any CPU.Build.0 = Debug|Any CPU
		{509603D2-0787-4CF6-983D-3D2FA59E6541}.Release|Any CPU.ActiveCfg = Release|Any CPU
		{509603D2-0787-4CF6-983D-3D2FA59E6541}.Release|Any CPU.Build.0 = Release|Any CPU
		{9B7BD7F9-CABB-410A-AC81-F9DA17B4B62B}.Debug|Any CPU.ActiveCfg = Debug|Any CPU
		{9B7BD7F9-CABB-410A-AC81-F9DA17B4B62B}.Debug|Any CPU.Build.0 = Debug|Any CPU
		{9B7BD7F9-CABB-410A-AC81-F9DA17B4B62B}.Release|Any CPU.ActiveCfg = Release|Any CPU
		{9B7BD7F9-CABB-410A-AC81-F9DA17B4B62B}.Release|Any CPU.Build.0 = Release|Any CPU
	EndGlobalSection
	GlobalSection(SolutionProperties) = preSolution
		HideSolutionNode = FALSE
	EndGlobalSection
	GlobalSection(ExtensibilityGlobals) = postSolution
		SolutionGuid = {37C6B3C2-AA21-4F10-A1A6-DF51764FA32B}
	EndGlobalSection
EndGlobal
